PODS:
  - Alamofire (5.4.3)
  - Kingfisher (6.3.1)

DEPENDENCIES:
  - Alamofire (~> 5.2)
  - Kingfisher (~> 6.3.1)

SPEC REPOS:
  trunk:
    - Alamofire
    - Kingfisher

SPEC CHECKSUMS:
  Alamofire: e447a2774a40c996748296fa2c55112fdbbc42f9
  Kingfisher: 016c8b653a35add51dd34a3aba36b580041acc74

PODFILE CHECKSUM: 1e6e50cf10fec565b915f1bc2bb1ef27e0b786ae

COCOAPODS: 1.11.0
